
Microsoft Visual Studio Solution File, Format Version 12.00
# Visual Studio Version 17
VisualStudioVersion = 17.9.34723.18
MinimumVisualStudioVersion = 10.0.40219.1
Project("{9A19103F-16F7-4668-BE54-9A1E7A4F7556}") = "UserService", "UserService\UserService.csproj", "{F90C8EE3-066B-4284-B843-5603E835428A}"
EndProject
Global
	GlobalSection(SolutionConfigurationPlatforms) = preSolution
		Debug|Any CPU = Debug|Any CPU
		Release|Any CPU = Release|Any CPU
	EndGlobalSection
	GlobalSection(ProjectConfigurationPlatforms) = postSolution
		{F90C8EE3-066B-4284-B843-5603E835428A}.Debug|Any CPU.ActiveCfg = Debug|Any CPU
		{F90C8EE3-066B-4284-B843-5603E835428A}.Debug|Any CPU.Build.0 = Debug|Any CPU
		{F90C8EE3-066B-4284-B843-5603E835428A}.Release|Any CPU.ActiveCfg = Release|Any CPU
		{F90C8EE3-066B-4284-B843-5603E835428A}.Release|Any CPU.Build.0 = Release|Any CPU
	EndGlobalSection
	GlobalSection(SolutionProperties) = preSolution
		HideSolutionNode = FALSE
	EndGlobalSection
	GlobalSection(ExtensibilityGlobals) = postSolution
		SolutionGuid = {688B813A-2021-49CC-9BAE-DDB9CD0D6004}
	EndGlobalSection
EndGlobal
